// !$*UTF8*$!
{
	archiveVersion = 1;
	classes = {
	};
	objectVersion = 56;
	objects = {

/* Begin PBXBuildFile section */
		5F22812629123B5C00D16010 /* DrinkItem.swift in Sources */ = {isa = PBXBuildFile; fileRef = 5F22812529123B5C00D16010 /* DrinkItem.swift */; };
		5F22812829123B7600D16010 /* Ingredient.swift in Sources */ = {isa = PBXBuildFile; fileRef = 5F22812729123B7600D16010 /* Ingredient.swift */; };
		5F22812D29123D6300D16010 /* CartView.swift in Sources */ = {isa = PBXBuildFile; fileRef = 5F22812C29123D6300D16010 /* CartView.swift */; };
		5F2281332912411500D16010 /* StoreViewModel.swift in Sources */ = {isa = PBXBuildFile; fileRef = 5F2281322912411500D16010 /* StoreViewModel.swift */; };
		5F22813529124BC300D16010 /* MenuItemCellView.swift in Sources */ = {isa = PBXBuildFile; fileRef = 5F22813429124BC300D16010 /* MenuItemCellView.swift */; };
		5F6BC99E291D6B5A00F8C9A9 /* DrinkItemDetailView.swift in Sources */ = {isa = PBXBuildFile; fileRef = 5F6BC99D291D6B5A00F8C9A9 /* DrinkItemDetailView.swift */; };
		5F8DAF4D2911887B00CC69C5 /* BuonAppetitoApp.swift in Sources */ = {isa = PBXBuildFile; fileRef = 5F8DAF4C2911887B00CC69C5 /* BuonAppetitoApp.swift */; };
		5F8DAF4F2911887B00CC69C5 /* MenuView.swift in Sources */ = {isa = PBXBuildFile; fileRef = 5F8DAF4E2911887B00CC69C5 /* MenuView.swift */; };
		5F8DAF512911887C00CC69C5 /* Assets.xcassets in Resources */ = {isa = PBXBuildFile; fileRef = 5F8DAF502911887C00CC69C5 /* Assets.xcassets */; };
		5F8DAF542911887C00CC69C5 /* Preview Assets.xcassets in Resources */ = {isa = PBXBuildFile; fileRef = 5F8DAF532911887C00CC69C5 /* Preview Assets.xcassets */; };
		5F8DAF5C291188A700CC69C5 /* FoodItem.swift in Sources */ = {isa = PBXBuildFile; fileRef = 5F8DAF5B291188A700CC69C5 /* FoodItem.swift */; };
		5F8DAF672911897000CC69C5 /* StoreItem.swift in Sources */ = {isa = PBXBuildFile; fileRef = 5F8DAF662911897000CC69C5 /* StoreItem.swift */; };
		5F9C880B2913D7A100FD48E0 /* OrderItemCellView.swift in Sources */ = {isa = PBXBuildFile; fileRef = 5F9C880A2913D7A100FD48E0 /* OrderItemCellView.swift */; };
		5F9C880E2913DCB200FD48E0 /* OrderButton.swift in Sources */ = {isa = PBXBuildFile; fileRef = 5F9C880D2913DCB200FD48E0 /* OrderButton.swift */; };
		5F9C88112914127700FD48E0 /* OrderCompleteView.swift in Sources */ = {isa = PBXBuildFile; fileRef = 5F9C88102914127700FD48E0 /* OrderCompleteView.swift */; };
		5F9D2E6429129204004F91BF /* StatView.swift in Sources */ = {isa = PBXBuildFile; fileRef = 5F9D2E6329129204004F91BF /* StatView.swift */; };
		5F9D2E6629129A2F004F91BF /* IngredientView.swift in Sources */ = {isa = PBXBuildFile; fileRef = 5F9D2E6529129A2F004F91BF /* IngredientView.swift */; };
		5F9D2E712912C3CF004F91BF /* FoodItemDetailView.swift in Sources */ = {isa = PBXBuildFile; fileRef = 5F9D2E702912C3CF004F91BF /* FoodItemDetailView.swift */; };
		5F9D2E732912C629004F91BF /* MenuItemStepper.swift in Sources */ = {isa = PBXBuildFile; fileRef = 5F9D2E722912C629004F91BF /* MenuItemStepper.swift */; };
		5F9D2E762912D416004F91BF /* CartToolBarView.swift in Sources */ = {isa = PBXBuildFile; fileRef = 5F9D2E752912D416004F91BF /* CartToolBarView.swift */; };
/* End PBXBuildFile section */

/* Begin PBXFileReference section */
		5F22812529123B5C00D16010 /* DrinkItem.swift */ = {isa = PBXFileReference; lastKnownFileType = sourcecode.swift; path = DrinkItem.swift; sourceTree = "<group>"; };
		5F22812729123B7600D16010 /* Ingredient.swift */ = {isa = PBXFileReference; lastKnownFileType = sourcecode.swift; path = Ingredient.swift; sourceTree = "<group>"; };
		5F22812C29123D6300D16010 /* CartView.swift */ = {isa = PBXFileReference; lastKnownFileType = sourcecode.swift; path = CartView.swift; sourceTree = "<group>"; };
		5F2281322912411500D16010 /* StoreViewModel.swift */ = {isa = PBXFileReference; lastKnownFileType = sourcecode.swift; path = StoreViewModel.swift; sourceTree = "<group>"; };
		5F22813429124BC300D16010 /* MenuItemCellView.swift */ = {isa = PBXFileReference; lastKnownFileType = sourcecode.swift; path = MenuItemCellView.swift; sourceTree = "<group>"; };
		5F6BC99D291D6B5A00F8C9A9 /* DrinkItemDetailView.swift */ = {isa = PBXFileReference; lastKnownFileType = sourcecode.swift; path = DrinkItemDetailView.swift; sourceTree = "<group>"; };
		5F8DAF492911887B00CC69C5 /* BuonAppetito.app */ = {isa = PBXFileReference; explicitFileType = wrapper.application; includeInIndex = 0; path = BuonAppetito.app; sourceTree = BUILT_PRODUCTS_DIR; };
		5F8DAF4C2911887B00CC69C5 /* BuonAppetitoApp.swift */ = {isa = PBXFileReference; lastKnownFileType = sourcecode.swift; path = BuonAppetitoApp.swift; sourceTree = "<group>"; };
		5F8DAF4E2911887B00CC69C5 /* MenuView.swift */ = {isa = PBXFileReference; lastKnownFileType = sourcecode.swift; path = MenuView.swift; sourceTree = "<group>"; };
		5F8DAF502911887C00CC69C5 /* Assets.xcassets */ = {isa = PBXFileReference; lastKnownFileType = folder.assetcatalog; path = Assets.xcassets; sourceTree = "<group>"; };
		5F8DAF532911887C00CC69C5 /* Preview Assets.xcassets */ = {isa = PBXFileReference; lastKnownFileType = folder.assetcatalog; path = "Preview Assets.xcassets"; sourceTree = "<group>"; };
		5F8DAF5B291188A700CC69C5 /* FoodItem.swift */ = {isa = PBXFileReference; lastKnownFileType = sourcecode.swift; path = FoodItem.swift; sourceTree = "<group>"; };
		5F8DAF662911897000CC69C5 /* StoreItem.swift */ = {isa = PBXFileReference; lastKnownFileType = sourcecode.swift; path = StoreItem.swift; sourceTree = "<group>"; };
		5F9C880A2913D7A100FD48E0 /* OrderItemCellView.swift */ = {isa = PBXFileReference; lastKnownFileType = sourcecode.swift; path = OrderItemCellView.swift; sourceTree = "<group>"; };
		5F9C880D2913DCB200FD48E0 /* OrderButton.swift */ = {isa = PBXFileReference; lastKnownFileType = sourcecode.swift; path = OrderButton.swift; sourceTree = "<group>"; };
		5F9C88102914127700FD48E0 /* OrderCompleteView.swift */ = {isa = PBXFileReference; lastKnownFileType = sourcecode.swift; path = OrderCompleteView.swift; sourceTree = "<group>"; };
		5F9D2E6329129204004F91BF /* StatView.swift */ = {isa = PBXFileReference; lastKnownFileType = sourcecode.swift; path = StatView.swift; sourceTree = "<group>"; };
		5F9D2E6529129A2F004F91BF /* IngredientView.swift */ = {isa = PBXFileReference; lastKnownFileType = sourcecode.swift; path = IngredientView.swift; sourceTree = "<group>"; };
		5F9D2E702912C3CF004F91BF /* FoodItemDetailView.swift */ = {isa = PBXFileReference; lastKnownFileType = sourcecode.swift; path = FoodItemDetailView.swift; sourceTree = "<group>"; };
		5F9D2E722912C629004F91BF /* MenuItemStepper.swift */ = {isa = PBXFileReference; lastKnownFileType = sourcecode.swift; path = MenuItemStepper.swift; sourceTree = "<group>"; };
		5F9D2E752912D416004F91BF /* CartToolBarView.swift */ = {isa = PBXFileReference; lastKnownFileType = sourcecode.swift; path = CartToolBarView.swift; sourceTree = "<group>"; };
/* End PBXFileReference section */

/* Begin PBXFrameworksBuildPhase section */
		5F8DAF462911887B00CC69C5 /* Frameworks */ = {
			isa = PBXFrameworksBuildPhase;
			buildActionMask = 2147483647;
			files = (
			);
			runOnlyForDeploymentPostprocessing = 0;
		};
/* End PBXFrameworksBuildPhase section */

/* Begin PBXGroup section */
		5F22812929123D3B00D16010 /* Screens */ = {
			isa = PBXGroup;
			children = (
				5F22812B29123D5600D16010 /* Cart */,
				5F22812A29123D4D00D16010 /* Menu */,
			);
			path = Screens;
			sourceTree = "<group>";
		};
		5F22812A29123D4D00D16010 /* Menu */ = {
			isa = PBXGroup;
			children = (
				5F8DAF4E2911887B00CC69C5 /* MenuView.swift */,
				5F9D2E702912C3CF004F91BF /* FoodItemDetailView.swift */,
				5F6BC99D291D6B5A00F8C9A9 /* DrinkItemDetailView.swift */,
				5F9D2E6529129A2F004F91BF /* IngredientView.swift */,
			);
			path = Menu;
			sourceTree = "<group>";
		};
		5F22812B29123D5600D16010 /* Cart */ = {
			isa = PBXGroup;
			children = (
				5F22812C29123D6300D16010 /* CartView.swift */,
				5F9C88102914127700FD48E0 /* OrderCompleteView.swift */,
			);
			path = Cart;
			sourceTree = "<group>";
		};
		5F22813129123FD300D16010 /* ViewModel */ = {
			isa = PBXGroup;
			children = (
				5F2281322912411500D16010 /* StoreViewModel.swift */,
			);
			path = ViewModel;
			sourceTree = "<group>";
		};
		5F8DAF402911887B00CC69C5 = {
			isa = PBXGroup;
			children = (
				5F8DAF4B2911887B00CC69C5 /* BuonAppetito */,
				5F8DAF4A2911887B00CC69C5 /* Products */,
			);
			sourceTree = "<group>";
		};
		5F8DAF4A2911887B00CC69C5 /* Products */ = {
			isa = PBXGroup;
			children = (
				5F8DAF492911887B00CC69C5 /* BuonAppetito.app */,
			);
			name = Products;
			sourceTree = "<group>";
		};
		5F8DAF4B2911887B00CC69C5 /* BuonAppetito */ = {
			isa = PBXGroup;
			children = (
				5F8DAF4C2911887B00CC69C5 /* BuonAppetitoApp.swift */,
				5F9D2E6029128EEF004F91BF /* Custom Views */,
				5F22813129123FD300D16010 /* ViewModel */,
				5F8DAF5A2911889A00CC69C5 /* Model */,
				5F22812929123D3B00D16010 /* Screens */,
				5F8DAF502911887C00CC69C5 /* Assets.xcassets */,
				5F8DAF522911887C00CC69C5 /* Preview Content */,
			);
			path = BuonAppetito;
			sourceTree = "<group>";
		};
		5F8DAF522911887C00CC69C5 /* Preview Content */ = {
			isa = PBXGroup;
			children = (
				5F8DAF532911887C00CC69C5 /* Preview Assets.xcassets */,
			);
			path = "Preview Content";
			sourceTree = "<group>";
		};
		5F8DAF5A2911889A00CC69C5 /* Model */ = {
			isa = PBXGroup;
			children = (
				5F8DAF5B291188A700CC69C5 /* FoodItem.swift */,
				5F22812529123B5C00D16010 /* DrinkItem.swift */,
				5F8DAF662911897000CC69C5 /* StoreItem.swift */,
				5F22812729123B7600D16010 /* Ingredient.swift */,
			);
			path = Model;
			sourceTree = "<group>";
		};
		5F9D2E6029128EEF004F91BF /* Custom Views */ = {
			isa = PBXGroup;
			children = (
				5F9D2E772912D506004F91BF /* Buttons */,
				5F9D2E742912D3FC004F91BF /* ToolBar */,
				5F9D2E6B2912B9F3004F91BF /* Cells */,
				5F9D2E6D2912BA14004F91BF /* Views */,
				5F9D2E6C2912BA09004F91BF /* Steppers */,
			);
			path = "Custom Views";
			sourceTree = "<group>";
		};
		5F9D2E6B2912B9F3004F91BF /* Cells */ = {
			isa = PBXGroup;
			children = (
				5F22813429124BC300D16010 /* MenuItemCellView.swift */,
				5F9C880A2913D7A100FD48E0 /* OrderItemCellView.swift */,
			);
			path = Cells;
			sourceTree = "<group>";
		};
		5F9D2E6C2912BA09004F91BF /* Steppers */ = {
			isa = PBXGroup;
			children = (
				5F9D2E722912C629004F91BF /* MenuItemStepper.swift */,
			);
			path = Steppers;
			sourceTree = "<group>";
		};
		5F9D2E6D2912BA14004F91BF /* Views */ = {
			isa = PBXGroup;
			children = (
				5F9D2E6329129204004F91BF /* StatView.swift */,
			);
			path = Views;
			sourceTree = "<group>";
		};
		5F9D2E742912D3FC004F91BF /* ToolBar */ = {
			isa = PBXGroup;
			children = (
				5F9D2E752912D416004F91BF /* CartToolBarView.swift */,
			);
			path = ToolBar;
			sourceTree = "<group>";
		};
		5F9D2E772912D506004F91BF /* Buttons */ = {
			isa = PBXGroup;
			children = (
				5F9C880D2913DCB200FD48E0 /* OrderButton.swift */,
			);
			path = Buttons;
			sourceTree = "<group>";
		};
/* End PBXGroup section */

/* Begin PBXNativeTarget section */
		5F8DAF482911887B00CC69C5 /* BuonAppetito */ = {
			isa = PBXNativeTarget;
			buildConfigurationList = 5F8DAF572911887C00CC69C5 /* Build configuration list for PBXNativeTarget "BuonAppetito" */;
			buildPhases = (
				5F8DAF452911887B00CC69C5 /* Sources */,
				5F8DAF462911887B00CC69C5 /* Frameworks */,
				5F8DAF472911887B00CC69C5 /* Resources */,
			);
			buildRules = (
			);
			dependencies = (
			);
			name = BuonAppetito;
			productName = BuonAppetito;
			productReference = 5F8DAF492911887B00CC69C5 /* BuonAppetito.app */;
			productType = "com.apple.product-type.application";
		};
/* End PBXNativeTarget section */

/* Begin PBXProject section */
		5F8DAF412911887B00CC69C5 /* Project object */ = {
			isa = PBXProject;
			attributes = {
				BuildIndependentTargetsInParallel = 1;
				LastSwiftUpdateCheck = 1400;
				LastUpgradeCheck = 1400;
				TargetAttributes = {
					5F8DAF482911887B00CC69C5 = {
						CreatedOnToolsVersion = 14.0.1;
					};
				};
			};
			buildConfigurationList = 5F8DAF442911887B00CC69C5 /* Build configuration list for PBXProject "BuonAppetito" */;
			compatibilityVersion = "Xcode 14.0";
			developmentRegion = en;
			hasScannedForEncodings = 0;
			knownRegions = (
				en,
				Base,
			);
			mainGroup = 5F8DAF402911887B00CC69C5;
			productRefGroup = 5F8DAF4A2911887B00CC69C5 /* Products */;
			projectDirPath = "";
			projectRoot = "";
			targets = (
				5F8DAF482911887B00CC69C5 /* BuonAppetito */,
			);
		};
/* End PBXProject section */

/* Begin PBXResourcesBuildPhase section */
		5F8DAF472911887B00CC69C5 /* Resources */ = {
			isa = PBXResourcesBuildPhase;
			buildActionMask = 2147483647;
			files = (
				5F8DAF542911887C00CC69C5 /* Preview Assets.xcassets in Resources */,
				5F8DAF512911887C00CC69C5 /* Assets.xcassets in Resources */,
			);
			runOnlyForDeploymentPostprocessing = 0;
		};
/* End PBXResourcesBuildPhase section */

/* Begin PBXSourcesBuildPhase section */
		5F8DAF452911887B00CC69C5 /* Sources */ = {
			isa = PBXSourcesBuildPhase;
			buildActionMask = 2147483647;
			files = (
				5F9D2E762912D416004F91BF /* CartToolBarView.swift in Sources */,
				5F6BC99E291D6B5A00F8C9A9 /* DrinkItemDetailView.swift in Sources */,
				5F8DAF4F2911887B00CC69C5 /* MenuView.swift in Sources */,
				5F2281332912411500D16010 /* StoreViewModel.swift in Sources */,
				5F9D2E712912C3CF004F91BF /* FoodItemDetailView.swift in Sources */,
				5F22812D29123D6300D16010 /* CartView.swift in Sources */,
				5F9D2E6429129204004F91BF /* StatView.swift in Sources */,
				5F22813529124BC300D16010 /* MenuItemCellView.swift in Sources */,
				5F9D2E732912C629004F91BF /* MenuItemStepper.swift in Sources */,
				5F9C88112914127700FD48E0 /* OrderCompleteView.swift in Sources */,
				5F8DAF4D2911887B00CC69C5 /* BuonAppetitoApp.swift in Sources */,
				5F22812829123B7600D16010 /* Ingredient.swift in Sources */,
				5F8DAF672911897000CC69C5 /* StoreItem.swift in Sources */,
				5F9D2E6629129A2F004F91BF /* IngredientView.swift in Sources */,
				5F22812629123B5C00D16010 /* DrinkItem.swift in Sources */,
				5F9C880E2913DCB200FD48E0 /* OrderButton.swift in Sources */,
				5F9C880B2913D7A100FD48E0 /* OrderItemCellView.swift in Sources */,
				5F8DAF5C291188A700CC69C5 /* FoodItem.swift in Sources */,
			);
			runOnlyForDeploymentPostprocessing = 0;
		};
/* End PBXSourcesBuildPhase section */

/* Begin XCBuildConfiguration section */
		5F8DAF552911887C00CC69C5 /* Debug */ = {
			isa = XCBuildConfiguration;
			buildSettings = {
				ALWAYS_SEARCH_USER_PATHS = NO;
				CLANG_ANALYZER_NONNULL = YES;
				CLANG_ANALYZER_NUMBER_OBJECT_CONVERSION = YES_AGGRESSIVE;
				CLANG_CXX_LANGUAGE_STANDARD = "gnu++20";
				CLANG_ENABLE_MODULES = YES;
				CLANG_ENABLE_OBJC_ARC = YES;
				CLANG_ENABLE_OBJC_WEAK = YES;
				CLANG_WARN_BLOCK_CAPTURE_AUTORELEASING = YES;
				CLANG_WARN_BOOL_CONVERSION = YES;
				CLANG_WARN_COMMA = YES;
				CLANG_WARN_CONSTANT_CONVERSION = YES;
				CLANG_WARN_DEPRECATED_OBJC_IMPLEMENTATIONS = YES;
				CLANG_WARN_DIRECT_OBJC_ISA_USAGE = YES_ERROR;
				CLANG_WARN_DOCUMENTATION_COMMENTS = YES;
				CLANG_WARN_EMPTY_BODY = YES;
				CLANG_WARN_ENUM_CONVERSION = YES;
				CLANG_WARN_INFINITE_RECURSION = YES;
				CLANG_WARN_INT_CONVERSION = YES;
				CLANG_WARN_NON_LITERAL_NULL_CONVERSION = YES;
				CLANG_WARN_OBJC_IMPLICIT_RETAIN_SELF = YES;
				CLANG_WARN_OBJC_LITERAL_CONVERSION = YES;
				CLANG_WARN_OBJC_ROOT_CLASS = YES_ERROR;
				CLANG_WARN_QUOTED_INCLUDE_IN_FRAMEWORK_HEADER = YES;
				CLANG_WARN_RANGE_LOOP_ANALYSIS = YES;
				CLANG_WARN_STRICT_PROTOTYPES = YES;
				CLANG_WARN_SUSPICIOUS_MOVE = YES;
				CLANG_WARN_UNGUARDED_AVAILABILITY = YES_AGGRESSIVE;
				CLANG_WARN_UNREACHABLE_CODE = YES;
				CLANG_WARN__DUPLICATE_METHOD_MATCH = YES;
				COPY_PHASE_STRIP = NO;
				DEBUG_INFORMATION_FORMAT = dwarf;
				ENABLE_STRICT_OBJC_MSGSEND = YES;
				ENABLE_TESTABILITY = YES;
				GCC_C_LANGUAGE_STANDARD = gnu11;
				GCC_DYNAMIC_NO_PIC = NO;
				GCC_NO_COMMON_BLOCKS = YES;
				GCC_OPTIMIZATION_LEVEL = 0;
				GCC_PREPROCESSOR_DEFINITIONS = (
					"DEBUG=1",
					"$(inherited)",
				);
				GCC_WARN_64_TO_32_BIT_CONVERSION = YES;
				GCC_WARN_ABOUT_RETURN_TYPE = YES_ERROR;
				GCC_WARN_UNDECLARED_SELECTOR = YES;
				GCC_WARN_UNINITIALIZED_AUTOS = YES_AGGRESSIVE;
				GCC_WARN_UNUSED_FUNCTION = YES;
				GCC_WARN_UNUSED_VARIABLE = YES;
				IPHONEOS_DEPLOYMENT_TARGET = 16.0;
				MTL_ENABLE_DEBUG_INFO = INCLUDE_SOURCE;
				MTL_FAST_MATH = YES;
				ONLY_ACTIVE_ARCH = YES;
				SDKROOT = iphoneos;
				SWIFT_ACTIVE_COMPILATION_CONDITIONS = DEBUG;
				SWIFT_OPTIMIZATION_LEVEL = "-Onone";
			};
			name = Debug;
		};
		5F8DAF562911887C00CC69C5 /* Release */ = {
			isa = XCBuildConfiguration;
			buildSettings = {
				ALWAYS_SEARCH_USER_PATHS = NO;
				CLANG_ANALYZER_NONNULL = YES;
				CLANG_ANALYZER_NUMBER_OBJECT_CONVERSION = YES_AGGRESSIVE;
				CLANG_CXX_LANGUAGE_STANDARD = "gnu++20";
				CLANG_ENABLE_MODULES = YES;
				CLANG_ENABLE_OBJC_ARC = YES;
				CLANG_ENABLE_OBJC_WEAK = YES;
				CLANG_WARN_BLOCK_CAPTURE_AUTORELEASING = YES;
				CLANG_WARN_BOOL_CONVERSION = YES;
				CLANG_WARN_COMMA = YES;
				CLANG_WARN_CONSTANT_CONVERSION = YES;
				CLANG_WARN_DEPRECATED_OBJC_IMPLEMENTATIONS = YES;
				CLANG_WARN_DIRECT_OBJC_ISA_USAGE = YES_ERROR;
				CLANG_WARN_DOCUMENTATION_COMMENTS = YES;
				CLANG_WARN_EMPTY_BODY = YES;
				CLANG_WARN_ENUM_CONVERSION = YES;
				CLANG_WARN_INFINITE_RECURSION = YES;
				CLANG_WARN_INT_CONVERSION = YES;
				CLANG_WARN_NON_LITERAL_NULL_CONVERSION = YES;
				CLANG_WARN_OBJC_IMPLICIT_RETAIN_SELF = YES;
				CLANG_WARN_OBJC_LITERAL_CONVERSION = YES;
				CLANG_WARN_OBJC_ROOT_CLASS = YES_ERROR;
				CLANG_WARN_QUOTED_INCLUDE_IN_FRAMEWORK_HEADER = YES;
				CLANG_WARN_RANGE_LOOP_ANALYSIS = YES;
				CLANG_WARN_STRICT_PROTOTYPES = YES;
				CLANG_WARN_SUSPICIOUS_MOVE = YES;
				CLANG_WARN_UNGUARDED_AVAILABILITY = YES_AGGRESSIVE;
				CLANG_WARN_UNREACHABLE_CODE = YES;
				CLANG_WARN__DUPLICATE_METHOD_MATCH = YES;
				COPY_PHASE_STRIP = NO;
				DEBUG_INFORMATION_FORMAT = "dwarf-with-dsym";
				ENABLE_NS_ASSERTIONS = NO;
				ENABLE_STRICT_OBJC_MSGSEND = YES;
				GCC_C_LANGUAGE_STANDARD = gnu11;
				GCC_NO_COMMON_BLOCKS = YES;
				GCC_WARN_64_TO_32_BIT_CONVERSION = YES;
				GCC_WARN_ABOUT_RETURN_TYPE = YES_ERROR;
				GCC_WARN_UNDECLARED_SELECTOR = YES;
				GCC_WARN_UNINITIALIZED_AUTOS = YES_AGGRESSIVE;
				GCC_WARN_UNUSED_FUNCTION = YES;
				GCC_WARN_UNUSED_VARIABLE = YES;
				IPHONEOS_DEPLOYMENT_TARGET = 16.0;
				MTL_ENABLE_DEBUG_INFO = NO;
				MTL_FAST_MATH = YES;
				SDKROOT = iphoneos;
				SWIFT_COMPILATION_MODE = wholemodule;
				SWIFT_OPTIMIZATION_LEVEL = "-O";
				VALIDATE_PRODUCT = YES;
			};
			name = Release;
		};
		5F8DAF582911887C00CC69C5 /* Debug */ = {
			isa = XCBuildConfiguration;
			buildSettings = {
				ASSETCATALOG_COMPILER_APPICON_NAME = AppIcon;
				ASSETCATALOG_COMPILER_GLOBAL_ACCENT_COLOR_NAME = AccentColor;
				CODE_SIGN_STYLE = Automatic;
				CURRENT_PROJECT_VERSION = 1;
				DEVELOPMENT_ASSET_PATHS = "\"BuonAppetito/Preview Content\"";
				DEVELOPMENT_TEAM = 97979SR3M8;
				ENABLE_PREVIEWS = YES;
				GENERATE_INFOPLIST_FILE = YES;
				INFOPLIST_KEY_CFBundleDisplayName = "Buon Appetito";
				INFOPLIST_KEY_LSApplicationCategoryType = "public.app-category.food-and-drink";
				INFOPLIST_KEY_UIApplicationSceneManifest_Generation = YES;
				INFOPLIST_KEY_UIApplicationSupportsIndirectInputEvents = YES;
				INFOPLIST_KEY_UILaunchScreen_Generation = YES;
				INFOPLIST_KEY_UISupportedInterfaceOrientations = UIInterfaceOrientationPortrait;
				LD_RUNPATH_SEARCH_PATHS = (
					"$(inherited)",
					"@executable_path/Frameworks",
				);
				MARKETING_VERSION = 1.0;
				PRODUCT_BUNDLE_IDENTIFIER = com.pauribot.BuonAppetito;
				PRODUCT_NAME = "$(TARGET_NAME)";
				SUPPORTED_PLATFORMS = "iphoneos iphonesimulator";
				SUPPORTS_MACCATALYST = NO;
				SUPPORTS_MAC_DESIGNED_FOR_IPHONE_IPAD = NO;
				SWIFT_EMIT_LOC_STRINGS = YES;
				SWIFT_VERSION = 5.0;
				TARGETED_DEVICE_FAMILY = 1;
			};
			name = Debug;
		};
		5F8DAF592911887C00CC69C5 /* Release */ = {
			isa = XCBuildConfiguration;
			buildSettings = {
				ASSETCATALOG_COMPILER_APPICON_NAME = AppIcon;
				ASSETCATALOG_COMPILER_GLOBAL_ACCENT_COLOR_NAME = AccentColor;
				CODE_SIGN_STYLE = Automatic;
				CURRENT_PROJECT_VERSION = 1;
				DEVELOPMENT_ASSET_PATHS = "\"BuonAppetito/Preview Content\"";
				DEVELOPMENT_TEAM = 97979SR3M8;
				ENABLE_PREVIEWS = YES;
				GENERATE_INFOPLIST_FILE = YES;
				INFOPLIST_KEY_CFBundleDisplayName = "Buon Appetito";
				INFOPLIST_KEY_LSApplicationCategoryType = "public.app-category.food-and-drink";
				INFOPLIST_KEY_UIApplicationSceneManifest_Generation = YES;
				INFOPLIST_KEY_UIApplicationSupportsIndirectInputEvents = YES;
				INFOPLIST_KEY_UILaunchScreen_Generation = YES;
				INFOPLIST_KEY_UISupportedInterfaceOrientations = UIInterfaceOrientationPortrait;
				LD_RUNPATH_SEARCH_PATHS = (
					"$(inherited)",
					"@executable_path/Frameworks",
				);
				MARKETING_VERSION = 1.0;
				PRODUCT_BUNDLE_IDENTIFIER = com.pauribot.BuonAppetito;
				PRODUCT_NAME = "$(TARGET_NAME)";
				SUPPORTED_PLATFORMS = "iphoneos iphonesimulator";
				SUPPORTS_MACCATALYST = NO;
				SUPPORTS_MAC_DESIGNED_FOR_IPHONE_IPAD = NO;
				SWIFT_EMIT_LOC_STRINGS = YES;
				SWIFT_VERSION = 5.0;
				TARGETED_DEVICE_FAMILY = 1;
			};
			name = Release;
		};
/* End XCBuildConfiguration section */

/* Begin XCConfigurationList section */
		5F8DAF442911887B00CC69C5 /* Build configuration list for PBXProject "BuonAppetito" */ = {
			isa = XCConfigurationList;
			buildConfigurations = (
				5F8DAF552911887C00CC69C5 /* Debug */,
				5F8DAF562911887C00CC69C5 /* Release */,
			);
			defaultConfigurationIsVisible = 0;
			defaultConfigurationName = Release;
		};
		5F8DAF572911887C00CC69C5 /* Build configuration list for PBXNativeTarget "BuonAppetito" */ = {
			isa = XCConfigurationList;
			buildConfigurations = (
				5F8DAF582911887C00CC69C5 /* Debug */,
				5F8DAF592911887C00CC69C5 /* Release */,
			);
			defaultConfigurationIsVisible = 0;
			defaultConfigurationName = Release;
		};
/* End XCConfigurationList section */
	};
	rootObject = 5F8DAF412911887B00CC69C5 /* Project object */;
}
